
Microsoft Visual Studio Solution File, Format Version 12.00
# Visual Studio Version 17
VisualStudioVersion = 17.5.33627.172
MinimumVisualStudioVersion = 10.0.40219.1
Project("{FAE04EC0-301F-11D3-BF4B-00C04F79EFBC}") = "prakt4", "prakt4.csproj", "{DD525550-BB3D-4DF2-86E4-3C4BE7B1CACF}"
EndProject
Project("{FAE04EC0-301F-11D3-BF4B-00C04F79EFBC}") = "WpfApp1", "..\WpfApp1\WpfApp1.csproj", "{A82C8169-25F8-4FDC-94FF-AB76A057A99E}"
EndProject
Global
	GlobalSection(SolutionConfigurationPlatforms) = preSolution
		Debug|Any CPU = Debug|Any CPU
		Release|Any CPU = Release|Any CPU
	EndGlobalSection
	GlobalSection(ProjectConfigurationPlatforms) = postSolution
		{DD525550-BB3D-4DF2-86E4-3C4BE7B1CACF}.Debug|Any CPU.ActiveCfg = Debug|Any CPU
		{DD525550-BB3D-4DF2-86E4-3C4BE7B1CACF}.Debug|Any CPU.Build.0 = Debug|Any CPU
		{DD525550-BB3D-4DF2-86E4-3C4BE7B1CACF}.Release|Any CPU.ActiveCfg = Release|Any CPU
		{DD525550-BB3D-4DF2-86E4-3C4BE7B1CACF}.Release|Any CPU.Build.0 = Release|Any CPU
		{A82C8169-25F8-4FDC-94FF-AB76A057A99E}.Debug|Any CPU.ActiveCfg = Debug|Any CPU
		{A82C8169-25F8-4FDC-94FF-AB76A057A99E}.Debug|Any CPU.Build.0 = Debug|Any CPU
		{A82C8169-25F8-4FDC-94FF-AB76A057A99E}.Release|Any CPU.ActiveCfg = Release|Any CPU
		{A82C8169-25F8-4FDC-94FF-AB76A057A99E}.Release|Any CPU.Build.0 = Release|Any CPU
	EndGlobalSection
	GlobalSection(SolutionProperties) = preSolution
		HideSolutionNode = FALSE
	EndGlobalSection
	GlobalSection(ExtensibilityGlobals) = postSolution
		SolutionGuid = {C7B70888-0D61-4A7B-9975-F089FD13595E}
	EndGlobalSection
EndGlobal
